
Microsoft Visual Studio Solution File, Format Version 12.00
# Visual Studio Version 17
VisualStudioVersion = 17.7.34009.444
MinimumVisualStudioVersion = 10.0.40219.1
Project("{9A19103F-16F7-4668-BE54-9A1E7A4F7556}") = "JardinageWpf", "JardinageWpf\JardinageWpf.csproj", "{13012957-0E9B-47F0-AF2A-F9102D7DB5F3}"
EndProject
Global
	GlobalSection(SolutionConfigurationPlatforms) = preSolution
		Debug|Any CPU = Debug|Any CPU
		Release|Any CPU = Release|Any CPU
	EndGlobalSection
	GlobalSection(ProjectConfigurationPlatforms) = postSolution
		{13012957-0E9B-47F0-AF2A-F9102D7DB5F3}.Debug|Any CPU.ActiveCfg = Debug|Any CPU
		{13012957-0E9B-47F0-AF2A-F9102D7DB5F3}.Debug|Any CPU.Build.0 = Debug|Any CPU
		{13012957-0E9B-47F0-AF2A-F9102D7DB5F3}.Release|Any CPU.ActiveCfg = Release|Any CPU
		{13012957-0E9B-47F0-AF2A-F9102D7DB5F3}.Release|Any CPU.Build.0 = Release|Any CPU
	EndGlobalSection
	GlobalSection(SolutionProperties) = preSolution
		HideSolutionNode = FALSE
	EndGlobalSection
	GlobalSection(ExtensibilityGlobals) = postSolution
		SolutionGuid = {30FC7768-2FCA-4BBA-AECF-AB961F2A23C1}
	EndGlobalSection
EndGlobal
